{
  "name": "@atlas/cf-worker",
  "version": "0.0.1",
  "lockfileVersion": 3,
  "requires": true,
  "packages": {
    "": {
      "name": "@atlas/cf-worker",
      "version": "0.0.1",
      "dependencies": {
        "postgres": "^3.4.9"
      },
      "devDependencies": {
        "@cloudflare/workers-types": "^4.20260520.1"
      }
    },
    "node_modules/@cloudflare/workers-types": {
      "version": "4.20260520.1",
      "resolved": "https://registry.npmjs.org/@cloudflare/workers-types/-/workers-types-4.20260520.1.tgz",
      "integrity": "sha512-wdmf9Fwabp06OgK9ZyCl8Q77GZ94k9J7OA9qA65FbgxZ/hd3hYRkVNiY7Bvsx4tKim+sWmKqGOblecZInAvoRg==",
      "dev": true,
      "license": "MIT OR Apache-2.0"
    },
    "node_modules/postgres": {
      "version": "3.4.9",
      "resolved": "https://registry.npmjs.org/postgres/-/postgres-3.4.9.tgz",
      "integrity": "sha512-GD3qdB0x1z9xgFI6cdRD6xu2Sp2WCOEoe3mtnyB5Ee0XrrL5Pe+e4CCnJrRMnL1zYtRDZmQQVbvOttLnKDLnaw==",
      "license": "Unlicense",
      "engines": {
        "node": ">=12"
      },
      "funding": {
        "type": "individual",
        "url": "https://github.com/sponsors/porsager"
      }
    }
  }
}
